<?xml version="1.0" encoding="utf-8"?>
<Project ToolsVersion="16.0" xmlns="http://schemas.microsoft.com/developer/msbuild/2003">
  <ItemGroup>
    <ClCompile Include="C:\Users\rust7\development\CLogReaderApp\libs\CLogReader\CRegExp\cregexp.cpp">
      <Filter>Source Files</Filter>
    </ClCompile>
  </ItemGroup>
  <ItemGroup>
    <ClInclude Include="C:\Users\rust7\development\CLogReaderApp\libs\CLogReader\CRegExp\include\cregexp.h">
      <Filter>Header Files</Filter>
    </ClInclude>
  </ItemGroup>
  <ItemGroup>
    <CustomBuild Include="C:\Users\rust7\development\CLogReaderApp\libs\CLogReader\CRegExp\CMakeLists.txt" />
  </ItemGroup>
  <ItemGroup>
    <Filter Include="Header Files">
      <UniqueIdentifier>{242F6049-0F15-343B-8F3E-D8E3A5436FE9}</UniqueIdentifier>
    </Filter>
    <Filter Include="Source Files">
      <UniqueIdentifier>{795BDFC3-357B-3E66-978F-0CE72C48A84E}</UniqueIdentifier>
    </Filter>
  </ItemGroup>
</Project>
