<?xml version="1.0" encoding="utf-8"?>
<Project ToolsVersion="16.0" xmlns="http://schemas.microsoft.com/developer/msbuild/2003">
  <ItemGroup>
    <CustomBuild Include="C:\Users\rust7\development\CLogReaderApp\CMakeFiles\0d7ee77df3ccb2ad44840ecc8d551075\RUN_TESTS_force.rule">
      <Filter>CMake Rules</Filter>
    </CustomBuild>
  </ItemGroup>
  <ItemGroup>
    <Filter Include="CMake Rules">
      <UniqueIdentifier>{E2C91617-D1E5-39BB-B3E1-493CEDF9F5CF}</UniqueIdentifier>
    </Filter>
  </ItemGroup>
</Project>
